// !$*UTF8*$!
{
	archiveVersion = 1;
	classes = {
	};
	objectVersion = 51;
	objects = {

/* Begin PBXBuildFile section */
		1FD31E5A4F3F1ACFCE5B7832 /* Pods_MDHTest.framework in Frameworks */ = {isa = PBXBuildFile; fileRef = EABAC4AC56CEC9BB2952843A /* Pods_MDHTest.framework */; };
		6F4954B726DCDD3600814765 /* placeholder.png in Resources */ = {isa = PBXBuildFile; fileRef = 6F4954B626DCDD3600814765 /* placeholder.png */; };
		6F699F2926DBB5FF0027B85D /* AppDelegate.swift in Sources */ = {isa = PBXBuildFile; fileRef = 6F699F2826DBB5FF0027B85D /* AppDelegate.swift */; };
		6F699F2B26DBB5FF0027B85D /* SceneDelegate.swift in Sources */ = {isa = PBXBuildFile; fileRef = 6F699F2A26DBB5FF0027B85D /* SceneDelegate.swift */; };
		6F699F2D26DBB5FF0027B85D /* SearchViewController.swift in Sources */ = {isa = PBXBuildFile; fileRef = 6F699F2C26DBB5FF0027B85D /* SearchViewController.swift */; };
		6F699F3026DBB5FF0027B85D /* Main.storyboard in Resources */ = {isa = PBXBuildFile; fileRef = 6F699F2E26DBB5FF0027B85D /* Main.storyboard */; };
		6F699F3226DBB6050027B85D /* Assets.xcassets in Resources */ = {isa = PBXBuildFile; fileRef = 6F699F3126DBB6050027B85D /* Assets.xcassets */; };
		6F699F3526DBB6050027B85D /* LaunchScreen.storyboard in Resources */ = {isa = PBXBuildFile; fileRef = 6F699F3326DBB6050027B85D /* LaunchScreen.storyboard */; };
		6F699F3D26DBB6B60027B85D /* API.swift in Sources */ = {isa = PBXBuildFile; fileRef = 6F699F3C26DBB6B60027B85D /* API.swift */; };
		6F699F3F26DBBB3F0027B85D /* ResultsViewController.swift in Sources */ = {isa = PBXBuildFile; fileRef = 6F699F3E26DBBB3F0027B85D /* ResultsViewController.swift */; };
		6F699F4126DBBF7B0027B85D /* ResultCollectionViewCell.swift in Sources */ = {isa = PBXBuildFile; fileRef = 6F699F4026DBBF7B0027B85D /* ResultCollectionViewCell.swift */; };
		6F699F4326DBC5CA0027B85D /* ResultModel.swift in Sources */ = {isa = PBXBuildFile; fileRef = 6F699F4226DBC5CA0027B85D /* ResultModel.swift */; };
/* End PBXBuildFile section */

/* Begin PBXFileReference section */
		32265317195FF4C597B7D0A6 /* Pods-MDHTest.debug.xcconfig */ = {isa = PBXFileReference; includeInIndex = 1; lastKnownFileType = text.xcconfig; name = "Pods-MDHTest.debug.xcconfig"; path = "Target Support Files/Pods-MDHTest/Pods-MDHTest.debug.xcconfig"; sourceTree = "<group>"; };
		6F4954B626DCDD3600814765 /* placeholder.png */ = {isa = PBXFileReference; lastKnownFileType = image.png; path = placeholder.png; sourceTree = "<group>"; };
		6F699F2526DBB5FF0027B85D /* MDHTest.app */ = {isa = PBXFileReference; explicitFileType = wrapper.application; includeInIndex = 0; path = MDHTest.app; sourceTree = BUILT_PRODUCTS_DIR; };
		6F699F2826DBB5FF0027B85D /* AppDelegate.swift */ = {isa = PBXFileReference; lastKnownFileType = sourcecode.swift; path = AppDelegate.swift; sourceTree = "<group>"; };
		6F699F2A26DBB5FF0027B85D /* SceneDelegate.swift */ = {isa = PBXFileReference; lastKnownFileType = sourcecode.swift; path = SceneDelegate.swift; sourceTree = "<group>"; };
		6F699F2C26DBB5FF0027B85D /* SearchViewController.swift */ = {isa = PBXFileReference; lastKnownFileType = sourcecode.swift; path = SearchViewController.swift; sourceTree = "<group>"; };
		6F699F2F26DBB5FF0027B85D /* Base */ = {isa = PBXFileReference; lastKnownFileType = file.storyboard; name = Base; path = Base.lproj/Main.storyboard; sourceTree = "<group>"; };
		6F699F3126DBB6050027B85D /* Assets.xcassets */ = {isa = PBXFileReference; lastKnownFileType = folder.assetcatalog; path = Assets.xcassets; sourceTree = "<group>"; };
		6F699F3426DBB6050027B85D /* Base */ = {isa = PBXFileReference; lastKnownFileType = file.storyboard; name = Base; path = Base.lproj/LaunchScreen.storyboard; sourceTree = "<group>"; };
		6F699F3626DBB6050027B85D /* Info.plist */ = {isa = PBXFileReference; lastKnownFileType = text.plist.xml; path = Info.plist; sourceTree = "<group>"; };
		6F699F3C26DBB6B60027B85D /* API.swift */ = {isa = PBXFileReference; lastKnownFileType = sourcecode.swift; path = API.swift; sourceTree = "<group>"; };
		6F699F3E26DBBB3F0027B85D /* ResultsViewController.swift */ = {isa = PBXFileReference; lastKnownFileType = sourcecode.swift; path = ResultsViewController.swift; sourceTree = "<group>"; };
		6F699F4026DBBF7B0027B85D /* ResultCollectionViewCell.swift */ = {isa = PBXFileReference; lastKnownFileType = sourcecode.swift; path = ResultCollectionViewCell.swift; sourceTree = "<group>"; };
		6F699F4226DBC5CA0027B85D /* ResultModel.swift */ = {isa = PBXFileReference; lastKnownFileType = sourcecode.swift; path = ResultModel.swift; sourceTree = "<group>"; };
		D61032A1970AD874897C2ACC /* Pods-MDHTest.release.xcconfig */ = {isa = PBXFileReference; includeInIndex = 1; lastKnownFileType = text.xcconfig; name = "Pods-MDHTest.release.xcconfig"; path = "Target Support Files/Pods-MDHTest/Pods-MDHTest.release.xcconfig"; sourceTree = "<group>"; };
		EABAC4AC56CEC9BB2952843A /* Pods_MDHTest.framework */ = {isa = PBXFileReference; explicitFileType = wrapper.framework; includeInIndex = 0; path = Pods_MDHTest.framework; sourceTree = BUILT_PRODUCTS_DIR; };
/* End PBXFileReference section */

/* Begin PBXFrameworksBuildPhase section */
		6F699F2226DBB5FF0027B85D /* Frameworks */ = {
			isa = PBXFrameworksBuildPhase;
			buildActionMask = 2147483647;
			files = (
				1FD31E5A4F3F1ACFCE5B7832 /* Pods_MDHTest.framework in Frameworks */,
			);
			runOnlyForDeploymentPostprocessing = 0;
		};
/* End PBXFrameworksBuildPhase section */

/* Begin PBXGroup section */
		203C109325143DBD92381F46 /* Pods */ = {
			isa = PBXGroup;
			children = (
				32265317195FF4C597B7D0A6 /* Pods-MDHTest.debug.xcconfig */,
				D61032A1970AD874897C2ACC /* Pods-MDHTest.release.xcconfig */,
			);
			path = Pods;
			sourceTree = "<group>";
		};
		6F699F1C26DBB5FE0027B85D = {
			isa = PBXGroup;
			children = (
				6F699F2726DBB5FF0027B85D /* MDHTest */,
				6F699F2626DBB5FF0027B85D /* Products */,
				203C109325143DBD92381F46 /* Pods */,
				9595920828FC43280ADFBC8A /* Frameworks */,
			);
			sourceTree = "<group>";
		};
		6F699F2626DBB5FF0027B85D /* Products */ = {
			isa = PBXGroup;
			children = (
				6F699F2526DBB5FF0027B85D /* MDHTest.app */,
			);
			name = Products;
			sourceTree = "<group>";
		};
		6F699F2726DBB5FF0027B85D /* MDHTest */ = {
			isa = PBXGroup;
			children = (
				6FE99DCC26DC02C1004FD56E /* Controllers */,
				6FE99DCB26DC02BC004FD56E /* Model */,
				6FE99DCD26DC02E2004FD56E /* Helper */,
				6F699F2E26DBB5FF0027B85D /* Main.storyboard */,
				6F699F3326DBB6050027B85D /* LaunchScreen.storyboard */,
				6F699F3626DBB6050027B85D /* Info.plist */,
			);
			path = MDHTest;
			sourceTree = "<group>";
		};
		6FE99DCB26DC02BC004FD56E /* Model */ = {
			isa = PBXGroup;
			children = (
				6F699F4026DBBF7B0027B85D /* ResultCollectionViewCell.swift */,
				6F699F4226DBC5CA0027B85D /* ResultModel.swift */,
			);
			path = Model;
			sourceTree = "<group>";
		};
		6FE99DCC26DC02C1004FD56E /* Controllers */ = {
			isa = PBXGroup;
			children = (
				6F699F2C26DBB5FF0027B85D /* SearchViewController.swift */,
				6F699F3E26DBBB3F0027B85D /* ResultsViewController.swift */,
			);
			path = Controllers;
			sourceTree = "<group>";
		};
		6FE99DCD26DC02E2004FD56E /* Helper */ = {
			isa = PBXGroup;
			children = (
				6F4954B626DCDD3600814765 /* placeholder.png */,
				6F699F3126DBB6050027B85D /* Assets.xcassets */,
				6F699F3C26DBB6B60027B85D /* API.swift */,
				6F699F2826DBB5FF0027B85D /* AppDelegate.swift */,
				6F699F2A26DBB5FF0027B85D /* SceneDelegate.swift */,
			);
			path = Helper;
			sourceTree = "<group>";
		};
		9595920828FC43280ADFBC8A /* Frameworks */ = {
			isa = PBXGroup;
			children = (
				EABAC4AC56CEC9BB2952843A /* Pods_MDHTest.framework */,
			);
			name = Frameworks;
			sourceTree = "<group>";
		};
/* End PBXGroup section */

/* Begin PBXNativeTarget section */
		6F699F2426DBB5FF0027B85D /* MDHTest */ = {
			isa = PBXNativeTarget;
			buildConfigurationList = 6F699F3926DBB6050027B85D /* Build configuration list for PBXNativeTarget "MDHTest" */;
			buildPhases = (
				8920F1DF72556F179E1A1EED /* [CP] Check Pods Manifest.lock */,
				6F699F2126DBB5FF0027B85D /* Sources */,
				6F699F2226DBB5FF0027B85D /* Frameworks */,
				6F699F2326DBB5FF0027B85D /* Resources */,
				350D1D9AA922598AE5A774F0 /* [CP] Embed Pods Frameworks */,
			);
			buildRules = (
			);
			dependencies = (
			);
			name = MDHTest;
			productName = MDHTest;
			productReference = 6F699F2526DBB5FF0027B85D /* MDHTest.app */;
			productType = "com.apple.product-type.application";
		};
/* End PBXNativeTarget section */

/* Begin PBXProject section */
		6F699F1D26DBB5FF0027B85D /* Project object */ = {
			isa = PBXProject;
			attributes = {
				LastSwiftUpdateCheck = 1250;
				LastUpgradeCheck = 1250;
				TargetAttributes = {
					6F699F2426DBB5FF0027B85D = {
						CreatedOnToolsVersion = 12.5.1;
					};
				};
			};
			buildConfigurationList = 6F699F2026DBB5FF0027B85D /* Build configuration list for PBXProject "MDHTest" */;
			compatibilityVersion = "Xcode 9.3";
			developmentRegion = en;
			hasScannedForEncodings = 0;
			knownRegions = (
				en,
				Base,
			);
			mainGroup = 6F699F1C26DBB5FE0027B85D;
			productRefGroup = 6F699F2626DBB5FF0027B85D /* Products */;
			projectDirPath = "";
			projectRoot = "";
			targets = (
				6F699F2426DBB5FF0027B85D /* MDHTest */,
			);
		};
/* End PBXProject section */

/* Begin PBXResourcesBuildPhase section */
		6F699F2326DBB5FF0027B85D /* Resources */ = {
			isa = PBXResourcesBuildPhase;
			buildActionMask = 2147483647;
			files = (
				6F699F3526DBB6050027B85D /* LaunchScreen.storyboard in Resources */,
				6F4954B726DCDD3600814765 /* placeholder.png in Resources */,
				6F699F3226DBB6050027B85D /* Assets.xcassets in Resources */,
				6F699F3026DBB5FF0027B85D /* Main.storyboard in Resources */,
			);
			runOnlyForDeploymentPostprocessing = 0;
		};
/* End PBXResourcesBuildPhase section */

/* Begin PBXShellScriptBuildPhase section */
		350D1D9AA922598AE5A774F0 /* [CP] Embed Pods Frameworks */ = {
			isa = PBXShellScriptBuildPhase;
			buildActionMask = 2147483647;
			files = (
			);
			inputFileListPaths = (
				"${PODS_ROOT}/Target Support Files/Pods-MDHTest/Pods-MDHTest-frameworks-${CONFIGURATION}-input-files.xcfilelist",
			);
			name = "[CP] Embed Pods Frameworks";
			outputFileListPaths = (
				"${PODS_ROOT}/Target Support Files/Pods-MDHTest/Pods-MDHTest-frameworks-${CONFIGURATION}-output-files.xcfilelist",
			);
			runOnlyForDeploymentPostprocessing = 0;
			shellPath = /bin/sh;
			shellScript = "\"${PODS_ROOT}/Target Support Files/Pods-MDHTest/Pods-MDHTest-frameworks.sh\"\n";
			showEnvVarsInLog = 0;
		};
		8920F1DF72556F179E1A1EED /* [CP] Check Pods Manifest.lock */ = {
			isa = PBXShellScriptBuildPhase;
			buildActionMask = 2147483647;
			files = (
			);
			inputFileListPaths = (
			);
			inputPaths = (
				"${PODS_PODFILE_DIR_PATH}/Podfile.lock",
				"${PODS_ROOT}/Manifest.lock",
			);
			name = "[CP] Check Pods Manifest.lock";
			outputFileListPaths = (
			);
			outputPaths = (
				"$(DERIVED_FILE_DIR)/Pods-MDHTest-checkManifestLockResult.txt",
			);
			runOnlyForDeploymentPostprocessing = 0;
			shellPath = /bin/sh;
			shellScript = "diff \"${PODS_PODFILE_DIR_PATH}/Podfile.lock\" \"${PODS_ROOT}/Manifest.lock\" > /dev/null\nif [ $? != 0 ] ; then\n    # print error to STDERR\n    echo \"error: The sandbox is not in sync with the Podfile.lock. Run 'pod install' or update your CocoaPods installation.\" >&2\n    exit 1\nfi\n# This output is used by Xcode 'outputs' to avoid re-running this script phase.\necho \"SUCCESS\" > \"${SCRIPT_OUTPUT_FILE_0}\"\n";
			showEnvVarsInLog = 0;
		};
/* End PBXShellScriptBuildPhase section */

/* Begin PBXSourcesBuildPhase section */
		6F699F2126DBB5FF0027B85D /* Sources */ = {
			isa = PBXSourcesBuildPhase;
			buildActionMask = 2147483647;
			files = (
				6F699F2D26DBB5FF0027B85D /* SearchViewController.swift in Sources */,
				6F699F4126DBBF7B0027B85D /* ResultCollectionViewCell.swift in Sources */,
				6F699F2926DBB5FF0027B85D /* AppDelegate.swift in Sources */,
				6F699F3D26DBB6B60027B85D /* API.swift in Sources */,
				6F699F3F26DBBB3F0027B85D /* ResultsViewController.swift in Sources */,
				6F699F4326DBC5CA0027B85D /* ResultModel.swift in Sources */,
				6F699F2B26DBB5FF0027B85D /* SceneDelegate.swift in Sources */,
			);
			runOnlyForDeploymentPostprocessing = 0;
		};
/* End PBXSourcesBuildPhase section */

/* Begin PBXVariantGroup section */
		6F699F2E26DBB5FF0027B85D /* Main.storyboard */ = {
			isa = PBXVariantGroup;
			children = (
				6F699F2F26DBB5FF0027B85D /* Base */,
			);
			name = Main.storyboard;
			sourceTree = "<group>";
		};
		6F699F3326DBB6050027B85D /* LaunchScreen.storyboard */ = {
			isa = PBXVariantGroup;
			children = (
				6F699F3426DBB6050027B85D /* Base */,
			);
			name = LaunchScreen.storyboard;
			sourceTree = "<group>";
		};
/* End PBXVariantGroup section */

/* Begin XCBuildConfiguration section */
		6F699F3726DBB6050027B85D /* Debug */ = {
			isa = XCBuildConfiguration;
			buildSettings = {
				ALWAYS_SEARCH_USER_PATHS = NO;
				CLANG_ANALYZER_NONNULL = YES;
				CLANG_ANALYZER_NUMBER_OBJECT_CONVERSION = YES_AGGRESSIVE;
				CLANG_CXX_LANGUAGE_STANDARD = "gnu++14";
				CLANG_CXX_LIBRARY = "libc++";
				CLANG_ENABLE_MODULES = YES;
				CLANG_ENABLE_OBJC_ARC = YES;
				CLANG_ENABLE_OBJC_WEAK = YES;
				CLANG_WARN_BLOCK_CAPTURE_AUTORELEASING = YES;
				CLANG_WARN_BOOL_CONVERSION = YES;
				CLANG_WARN_COMMA = YES;
				CLANG_WARN_CONSTANT_CONVERSION = YES;
				CLANG_WARN_DEPRECATED_OBJC_IMPLEMENTATIONS = YES;
				CLANG_WARN_DIRECT_OBJC_ISA_USAGE = YES_ERROR;
				CLANG_WARN_DOCUMENTATION_COMMENTS = YES;
				CLANG_WARN_EMPTY_BODY = YES;
				CLANG_WARN_ENUM_CONVERSION = YES;
				CLANG_WARN_INFINITE_RECURSION = YES;
				CLANG_WARN_INT_CONVERSION = YES;
				CLANG_WARN_NON_LITERAL_NULL_CONVERSION = YES;
				CLANG_WARN_OBJC_IMPLICIT_RETAIN_SELF = YES;
				CLANG_WARN_OBJC_LITERAL_CONVERSION = YES;
				CLANG_WARN_OBJC_ROOT_CLASS = YES_ERROR;
				CLANG_WARN_QUOTED_INCLUDE_IN_FRAMEWORK_HEADER = YES;
				CLANG_WARN_RANGE_LOOP_ANALYSIS = YES;
				CLANG_WARN_STRICT_PROTOTYPES = YES;
				CLANG_WARN_SUSPICIOUS_MOVE = YES;
				CLANG_WARN_UNGUARDED_AVAILABILITY = YES_AGGRESSIVE;
				CLANG_WARN_UNREACHABLE_CODE = YES;
				CLANG_WARN__DUPLICATE_METHOD_MATCH = YES;
				COPY_PHASE_STRIP = NO;
				DEBUG_INFORMATION_FORMAT = dwarf;
				ENABLE_STRICT_OBJC_MSGSEND = YES;
				ENABLE_TESTABILITY = YES;
				GCC_C_LANGUAGE_STANDARD = gnu11;
				GCC_DYNAMIC_NO_PIC = NO;
				GCC_NO_COMMON_BLOCKS = YES;
				GCC_OPTIMIZATION_LEVEL = 0;
				GCC_PREPROCESSOR_DEFINITIONS = (
					"DEBUG=1",
					"$(inherited)",
				);
				GCC_WARN_64_TO_32_BIT_CONVERSION = YES;
				GCC_WARN_ABOUT_RETURN_TYPE = YES_ERROR;
				GCC_WARN_UNDECLARED_SELECTOR = YES;
				GCC_WARN_UNINITIALIZED_AUTOS = YES_AGGRESSIVE;
				GCC_WARN_UNUSED_FUNCTION = YES;
				GCC_WARN_UNUSED_VARIABLE = YES;
				IPHONEOS_DEPLOYMENT_TARGET = 14.5;
				MTL_ENABLE_DEBUG_INFO = INCLUDE_SOURCE;
				MTL_FAST_MATH = YES;
				ONLY_ACTIVE_ARCH = YES;
				SDKROOT = iphoneos;
				SWIFT_ACTIVE_COMPILATION_CONDITIONS = DEBUG;
				SWIFT_OPTIMIZATION_LEVEL = "-Onone";
			};
			name = Debug;
		};
		6F699F3826DBB6050027B85D /* Release */ = {
			isa = XCBuildConfiguration;
			buildSettings = {
				ALWAYS_SEARCH_USER_PATHS = NO;
				CLANG_ANALYZER_NONNULL = YES;
				CLANG_ANALYZER_NUMBER_OBJECT_CONVERSION = YES_AGGRESSIVE;
				CLANG_CXX_LANGUAGE_STANDARD = "gnu++14";
				CLANG_CXX_LIBRARY = "libc++";
				CLANG_ENABLE_MODULES = YES;
				CLANG_ENABLE_OBJC_ARC = YES;
				CLANG_ENABLE_OBJC_WEAK = YES;
				CLANG_WARN_BLOCK_CAPTURE_AUTORELEASING = YES;
				CLANG_WARN_BOOL_CONVERSION = YES;
				CLANG_WARN_COMMA = YES;
				CLANG_WARN_CONSTANT_CONVERSION = YES;
				CLANG_WARN_DEPRECATED_OBJC_IMPLEMENTATIONS = YES;
				CLANG_WARN_DIRECT_OBJC_ISA_USAGE = YES_ERROR;
				CLANG_WARN_DOCUMENTATION_COMMENTS = YES;
				CLANG_WARN_EMPTY_BODY = YES;
				CLANG_WARN_ENUM_CONVERSION = YES;
				CLANG_WARN_INFINITE_RECURSION = YES;
				CLANG_WARN_INT_CONVERSION = YES;
				CLANG_WARN_NON_LITERAL_NULL_CONVERSION = YES;
				CLANG_WARN_OBJC_IMPLICIT_RETAIN_SELF = YES;
				CLANG_WARN_OBJC_LITERAL_CONVERSION = YES;
				CLANG_WARN_OBJC_ROOT_CLASS = YES_ERROR;
				CLANG_WARN_QUOTED_INCLUDE_IN_FRAMEWORK_HEADER = YES;
				CLANG_WARN_RANGE_LOOP_ANALYSIS = YES;
				CLANG_WARN_STRICT_PROTOTYPES = YES;
				CLANG_WARN_SUSPICIOUS_MOVE = YES;
				CLANG_WARN_UNGUARDED_AVAILABILITY = YES_AGGRESSIVE;
				CLANG_WARN_UNREACHABLE_CODE = YES;
				CLANG_WARN__DUPLICATE_METHOD_MATCH = YES;
				COPY_PHASE_STRIP = NO;
				DEBUG_INFORMATION_FORMAT = "dwarf-with-dsym";
				ENABLE_NS_ASSERTIONS = NO;
				ENABLE_STRICT_OBJC_MSGSEND = YES;
				GCC_C_LANGUAGE_STANDARD = gnu11;
				GCC_NO_COMMON_BLOCKS = YES;
				GCC_WARN_64_TO_32_BIT_CONVERSION = YES;
				GCC_WARN_ABOUT_RETURN_TYPE = YES_ERROR;
				GCC_WARN_UNDECLARED_SELECTOR = YES;
				GCC_WARN_UNINITIALIZED_AUTOS = YES_AGGRESSIVE;
				GCC_WARN_UNUSED_FUNCTION = YES;
				GCC_WARN_UNUSED_VARIABLE = YES;
				IPHONEOS_DEPLOYMENT_TARGET = 14.5;
				MTL_ENABLE_DEBUG_INFO = NO;
				MTL_FAST_MATH = YES;
				SDKROOT = iphoneos;
				SWIFT_COMPILATION_MODE = wholemodule;
				SWIFT_OPTIMIZATION_LEVEL = "-O";
				VALIDATE_PRODUCT = YES;
			};
			name = Release;
		};
		6F699F3A26DBB6050027B85D /* Debug */ = {
			isa = XCBuildConfiguration;
			baseConfigurationReference = 32265317195FF4C597B7D0A6 /* Pods-MDHTest.debug.xcconfig */;
			buildSettings = {
				ASSETCATALOG_COMPILER_APPICON_NAME = AppIcon;
				ASSETCATALOG_COMPILER_GLOBAL_ACCENT_COLOR_NAME = AccentColor;
				CODE_SIGN_STYLE = Automatic;
				DEVELOPMENT_TEAM = Y3J9DR9455;
				INFOPLIST_FILE = MDHTest/Info.plist;
				LD_RUNPATH_SEARCH_PATHS = (
					"$(inherited)",
					"@executable_path/Frameworks",
				);
				PRODUCT_BUNDLE_IDENTIFIER = KuzmichRoman.MDHTest;
				PRODUCT_NAME = "$(TARGET_NAME)";
				SWIFT_VERSION = 5.0;
				TARGETED_DEVICE_FAMILY = "1,2";
			};
			name = Debug;
		};
		6F699F3B26DBB6050027B85D /* Release */ = {
			isa = XCBuildConfiguration;
			baseConfigurationReference = D61032A1970AD874897C2ACC /* Pods-MDHTest.release.xcconfig */;
			buildSettings = {
				ASSETCATALOG_COMPILER_APPICON_NAME = AppIcon;
				ASSETCATALOG_COMPILER_GLOBAL_ACCENT_COLOR_NAME = AccentColor;
				CODE_SIGN_STYLE = Automatic;
				DEVELOPMENT_TEAM = Y3J9DR9455;
				INFOPLIST_FILE = MDHTest/Info.plist;
				LD_RUNPATH_SEARCH_PATHS = (
					"$(inherited)",
					"@executable_path/Frameworks",
				);
				PRODUCT_BUNDLE_IDENTIFIER = KuzmichRoman.MDHTest;
				PRODUCT_NAME = "$(TARGET_NAME)";
				SWIFT_VERSION = 5.0;
				TARGETED_DEVICE_FAMILY = "1,2";
			};
			name = Release;
		};
/* End XCBuildConfiguration section */

/* Begin XCConfigurationList section */
		6F699F2026DBB5FF0027B85D /* Build configuration list for PBXProject "MDHTest" */ = {
			isa = XCConfigurationList;
			buildConfigurations = (
				6F699F3726DBB6050027B85D /* Debug */,
				6F699F3826DBB6050027B85D /* Release */,
			);
			defaultConfigurationIsVisible = 0;
			defaultConfigurationName = Release;
		};
		6F699F3926DBB6050027B85D /* Build configuration list for PBXNativeTarget "MDHTest" */ = {
			isa = XCConfigurationList;
			buildConfigurations = (
				6F699F3A26DBB6050027B85D /* Debug */,
				6F699F3B26DBB6050027B85D /* Release */,
			);
			defaultConfigurationIsVisible = 0;
			defaultConfigurationName = Release;
		};
/* End XCConfigurationList section */
	};
	rootObject = 6F699F1D26DBB5FF0027B85D /* Project object */;
}
